
Microsoft Visual Studio Solution File, Format Version 12.00
Project("{FAE04EC0-301F-11D3-BF4B-00C04F79EFBC}") = "ItemGetter", "ItemGetter\ItemGetter.csproj", "{D617DFDC-AE82-4ED9-B8AF-4E53C887B710}"
EndProject
Global
	GlobalSection(SolutionConfigurationPlatforms) = preSolution
		Debug|Any CPU = Debug|Any CPU
		Release|Any CPU = Release|Any CPU
	EndGlobalSection
	GlobalSection(ProjectConfigurationPlatforms) = postSolution
		{D617DFDC-AE82-4ED9-B8AF-4E53C887B710}.Debug|Any CPU.ActiveCfg = Debug|Any CPU
		{D617DFDC-AE82-4ED9-B8AF-4E53C887B710}.Debug|Any CPU.Build.0 = Debug|Any CPU
		{D617DFDC-AE82-4ED9-B8AF-4E53C887B710}.Release|Any CPU.ActiveCfg = Release|Any CPU
		{D617DFDC-AE82-4ED9-B8AF-4E53C887B710}.Release|Any CPU.Build.0 = Release|Any CPU
	EndGlobalSection
EndGlobal
